{
    "_meta": {
        "hash": {
            "sha256": "80438e1af4c1f39473b0e8e66eebdf208c509567e89b74fd2e5fa7ccdaa6e5d8"
        },
        "pipfile-spec": 6,
        "requires": {
            "python_version": "3.10"
        },
        "sources": [
            {
                "name": "pypi",
                "url": "https://pypi.org/simple",
                "verify_ssl": true
            }
        ]
    },
    "default": {
        "async-generator": {
            "hashes": [
                "sha256:01c7bf666359b4967d2cda0000cc2e4af16a0ae098cbffcb8472fb9e8ad6585b",
                "sha256:6ebb3d106c12920aaae42ccb6f787ef5eefdcdd166ea3d628fa8476abe712144"
            ],
            "markers": "python_version >= '3.5'",
            "version": "==1.10"
        },
        "attrs": {
            "hashes": [
                "sha256:1f28b4522cdc2fb4256ac1a020c78acf9cba2c6b461ccd2c126f3aa8e8335d04",
                "sha256:6279836d581513a26f1bf235f9acd333bc9115683f14f7e8fae46c98fc50e015"
            ],
            "markers": "python_version >= '3.7'",
            "version": "==23.1.0"
        },
        "beautifulsoup4": {
            "hashes": [
                "sha256:492bbc69dca35d12daac71c4db1bfff0c876c00ef4a2ffacce226d4638eb72da",
                "sha256:bd2520ca0d9d7d12694a53d44ac482d181b4ec1888909b035a3dbf40d0f57d4a"
            ],
            "index": "pypi",
            "version": "==4.12.2"
        },
        "certifi": {
            "hashes": [
                "sha256:0f0d56dc5a6ad56fd4ba36484d6cc34451e1c6548c61daad8c320169f91eddc7",
                "sha256:c6c2e98f5c7869efca1f8916fed228dd91539f9f1b444c314c06eef02980c716"
            ],
            "markers": "python_version >= '3.6'",
            "version": "==2023.5.7"
        },
        "exceptiongroup": {
            "hashes": [
                "sha256:232c37c63e4f682982c8b6459f33a8981039e5fb8756b2074364e5055c498c9e",
                "sha256:d484c3090ba2889ae2928419117447a14daf3c1231d5e30d0aae34f354f01785"
            ],
            "markers": "python_version < '3.11'",
            "version": "==1.1.1"
        },
        "fuzzywuzzy": {
            "hashes": [
                "sha256:45016e92264780e58972dca1b3d939ac864b78437422beecebb3095f8efd00e8",
                "sha256:928244b28db720d1e0ee7587acf660ea49d7e4c632569cad4f1cd7e68a5f0993"
            ],
            "index": "pypi",
            "version": "==0.18.0"
        },
        "h11": {
            "hashes": [
                "sha256:8f19fbbe99e72420ff35c00b27a34cb9937e902a8b810e2c88300c6f0a3b699d",
                "sha256:e3fe4ac4b851c468cc8363d500db52c2ead036020723024a109d37346efaa761"
            ],
            "markers": "python_version >= '3.7'",
            "version": "==0.14.0"
        },
        "idna": {
            "hashes": [
                "sha256:814f528e8dead7d329833b91c5faa87d60bf71824cd12a7530b5526063d02cb4",
                "sha256:90b77e79eaa3eba6de819a0c442c0b4ceefc341a7a2ab77d7562bf49f425c5c2"
            ],
            "markers": "python_version >= '3.5'",
            "version": "==3.4"
        },
        "levenshtein": {
            "hashes": [
                "sha256:023dffdde576639e48cab3cc835bfaf9c441df7a8e2829bf20104868db6e4f72",
                "sha256:04d338c9153ddf70a32f324cf9f902fe94a6da82122b8037ccde969d4cc0a94b",
                "sha256:06da6c47aa459c725ee90dab467cd2f66956c5f9a43ddb51a0fe2496960f1d3e",
                "sha256:0d997da10fdf1a82e208fd1b05aba40705ca3f053919c84d2e952141d33e3ab3",
                "sha256:11694c6f7119d68cc199ff3b1407560c0efb0cc49f288169f28b2e032ee03cda",
                "sha256:12bb3540e021c73c5d8796ecf8148afd441c4471731924a112bc31bc25abeabf",
                "sha256:13e87517ce788d71deaa73e37332a67c4085c13e58ea3a0218092d555d1872ce",
                "sha256:1dc54aeb02f38a36f16bca6b0f9d07462686d92716424d9a4a3fdd11f3624528",
                "sha256:20361f42f6e7efa5853f69a41a272e9ecb90da284bec4312e42b58fa42b9a752",
                "sha256:248348e94dee05c787b44f16533a366ec5bf8ba949c604ad0db69d0c872f3539",
                "sha256:267ad98befffeed90e73b8c644a297027adb81f61044843aeade7b4a44ccc7d7",
                "sha256:267bc6725506571fd3c03afcc871fa5cbf3d2cb6e4bd11043790fa60cbb0f8a4",
                "sha256:2d880a87aca186342bc2fe16b064c3ed434d2a0c170c419f23b4e00261a5340a",
                "sha256:2e2ed817fa682243ef2e8a2728fcd0f9352d4e5edd104db44862d0bb55c75a7e",
                "sha256:2e4fc4522f9bf73c6ab4cedec834783999b247312ec9e3d1435a5424ad5bc908",
                "sha256:309f134f3d42fa7df7efbbd7975f2331de8c36da3ebdb3fad59abae84268abba",
                "sha256:31aa08e8ddac402edd530aaf708ab085fea7299c499404989eabfde143377911",
                "sha256:35a603d952e9f286fe8053332862c8cff426f5d8a85ee962c3a0f597f4c463c4",
                "sha256:3824e9f75ec9f373fc8b4df23eae668918953487f5ff06db282ddcb3f9c802d2",
                "sha256:39e8a1866325b6d54de4e7d1bffffaf4b4c8cbf0988f47f0f2e929edfbeb870d",
                "sha256:3c13450450d537ec7ede3781be72d72db37cb131943148c8ada58b34e143fc6f",
                "sha256:40a5e38d0c3e488d1dca5dc9c2691c000764813d4006c243f2ebd39e0b331e95",
                "sha256:41e0e539638a27b5e90a5d46679375f93a1cb65cf06efe7c413cf76f71d3d467",
                "sha256:4217ae380f42f825862eb8e2f9beca627fe9ab613f36e206842c003bb1affafc",
                "sha256:43a06b0b492e0d936deff751ad4757786ba7cb5eee510d53b6dfe92c924ff733",
                "sha256:463fd7558f25c477c7e4a59af35c661e133473f62bb02ed2c07c9c95e1c2dc66",
                "sha256:47e6d66fe0110fd8e6efb1939d686099170c27b3ca838eab0c215f0781f05f06",
                "sha256:4a6cd85ac5f7800e8127b3194fa02c59be735b6bdfe55b8516d094652235e038",
                "sha256:50fbe01be99554f644657c32a9e3085369d23e8ccc540d855c683947d3b48b67",
                "sha256:58eaab403b77e62e096cbcbaf61728c8736f9f7a3e36a58fb663461e5d70144f",
                "sha256:59e5054c9dea821840af4623a4059c8f0ae56548a5eae8b9c7aaa0b3f1e33340",
                "sha256:5a10fc3be2bfb05b03b868d462941e4099b680b7f358a90b8c6d7d5946e9e97c",
                "sha256:5acb7e84ccd619dcff6e04928fa8d8cc24f55bb2c9cdfe96620ed85b0a82a7c7",
                "sha256:5da0e2dbddb98da890fb779823df991ad50f184b3d986b8c68784eecbb087f01",
                "sha256:622bc670b906c4bf219755625e9fa704ff07c561a90f1aa35f3f2d8ecd3ec088",
                "sha256:62dca15301bdba4ec7fcf53c39dd8d9c198194990cf035def3f47b7cb9c3213e",
                "sha256:656c70814280c4002af89112f1457b6ad24c42dfba58dcb2047a249ae8ccdd04",
                "sha256:675ba3afaa9e8ec393eb1eeee651697036e8391be54e6c28eae4bfdff4d5e64e",
                "sha256:6833f8cefb96b8ccac457ad421866a74f4de973e7001699fcbbbe9ccb59a5c66",
                "sha256:69a430ab564d286f309c19f7abed34fce9c144f39f984c609ee690dd175cc421",
                "sha256:6c08879d0cf761cd750e976fda67bcc23cf1e485eaa030942e6628b876f4c6d8",
                "sha256:6ed8f99e4e4ba8a43bb4fe0255606724f22069405fa1e3be679a2d90f74770e5",
                "sha256:72b0b84adc52f4cf970a1bb276e76e115b30d693d6dbcd25fca0bcee85ca7cc7",
                "sha256:78d0fb5faef0413864c1b593e5261a840eaa47842b0fa4af7be4c09d90b24a14",
                "sha256:79259b10f105f78853210d8769cf77ca55dac8c368dca33b4c10ffa8965e2543",
                "sha256:7d7e00e8cb45981386df9d3f99073ba7de59bdb739069766b32906421bb1026b",
                "sha256:832951ad7b5ee0df8152f239a9fc602322da055264459dcf4d50d3ed68e68045",
                "sha256:863d507cba67de2fa66d5501ed1bc5029363d2b393662ac7d740dd0330c66aba",
                "sha256:87edb05fc6e4eb14008433f02e89815a756fe4ecc32d7180bb757f26e4161e06",
                "sha256:8d01425bd54c482ccbbc6d953633450a2bdbb7d12450d9eeba6073a6d0f06a3c",
                "sha256:918f2e0f590cacb30edb88e7eccbf71b340d5f080c9e69009f1f00dc24810a67",
                "sha256:91dca7085aa358da71fa50682fc8ff7e21365c99ef17dc1962a7bbf488003528",
                "sha256:938581ba87b306675bc41e21c2b2822a9eb83fb1a0e4a4903b7398d7845b22e3",
                "sha256:9437c2342937decf3cf5ac79d0b9497734897c0a09dc813378c97f2916b7aa76",
                "sha256:94a6ffd7257d12c64de34bc9f801a211e2daa624ec276305f8c67963a9896efa",
                "sha256:952e72f173a65f271dfee102b5571004b6594d4f199864ddead77115a2c147fd",
                "sha256:9546ded45fb3cf8773ade9c91de164c6cb2cb4927516289abd422a262e81906c",
                "sha256:9817dca597abde9fc9571d56a7eca8bd667e9dfc0867b190f1e8b43ce4fde761",
                "sha256:9a8d60084e1c9e87ae247c601e331708de09ed23219b5e39af7c8e9115ab8152",
                "sha256:9bcb3abbe97975cc6a97baf24a3b6e0491472ecedbc0247a41eb2c8d73ecde5d",
                "sha256:9dda976c1dae2a0b41a109facc48d1d242c7acb30ab4c04d8421496da6e153aa",
                "sha256:9e96217a7c6a7d43071c830b1353a3ee669757ae477673f0fd3e3a97def6d410",
                "sha256:a0fa251b3b4c561d2f650d9a61fb8980815492bb088a0a521236995a1872e171",
                "sha256:a1cd48db3d03adb88bf71b45de77b9720f96d3b9d5ab7a32304352baec482689",
                "sha256:a51974fcb8a94284325cb88b474b76227532a25b035938a46167bebd1646718e",
                "sha256:aee4f570652ad77961e5ab871d11fd42752e7d2117b08324a0c8801a7ee0a7c5",
                "sha256:b2410469cc8fd0f42aa00e63063c42f8aff501996cd5424a5c904739bdaaf4fe",
                "sha256:b33e2cbaca6f7d01092a28711605568dbc08a3bb7b796d8986bf5d0d651a0b09",
                "sha256:bff4f236d1b6c556a77975812a4d51071181721f3a29c08b42e5c4aa11730957",
                "sha256:c37609f4e460e570810ec5176c5cdf91c494a9979638f7fef5fd345597245d17",
                "sha256:c8126d2b51621483823c6e31d16bc1f5a964ae976aab4f241bbe74ed19d93770",
                "sha256:c89a5ac319a80c131ca8d499ae0f7a91d4dd1dc3b2e9d8b095e991597b79c8f9",
                "sha256:c9a072cb0f6e90092c4323cd7731eb539a79ac360045dbe3cc49a123ba381fc5",
                "sha256:ca992783feaf1d6e25403340157fb584cf71371b094a575134393bba10b974fa",
                "sha256:cc8eb12c48598b20b4b99128bc2bd62974dfb65204ceb37807480788b1e66e64",
                "sha256:ccd0b89300a25decdb34d7c4efe2a971438015f552eeb416b8da12918cb3edc0",
                "sha256:cdba9f8a7a98b0c4c0bc004b811fb31a96521cd264aeb5375898478e7703de4d",
                "sha256:d17c2ee8aa380c012b3ba015b87502934662c51b7609ef17366c76863e9551d6",
                "sha256:d3f855669e1399597f7a2670310cf20fc04a35c6c446dd70320398e9aa481b3d",
                "sha256:d4bf11b89d8d7a7707ae5cac1ef86ac4ff78491482df037289470db8f0378043",
                "sha256:d66d8f3ebde14840a310a557c8f69eed3e153f2477747365355d058208eea515",
                "sha256:d83b8c0ce41e410af143bd3abef94e480d143fdb83e60a01bab9069bf565dada",
                "sha256:dcc712696d4332962ecab6e4df40d5126d7379c6612e6058ee2e9d3f924387e3",
                "sha256:e4c2fe1f49f1d8476fe44e243569d775c5454dca70a13be568430d2d2d760ea2",
                "sha256:e701b9dfb121faf71b0c5757485fc49e1b511b7b8a80034aa1f580488f8f872e",
                "sha256:e8ab4d5acdd3ac17161539d9f2ea764497dc269dcd8dc722ae4a394c7b64ae7f",
                "sha256:ea042ba262ea2a95d93c4d2d5879df956cf6c85ce22c037e3f0d4491182f10c5",
                "sha256:ed73d619e203aad54e2e6119a2b58b7568a36bd50a547817d13618ea0acf4412",
                "sha256:edac6490f84e8a0456cb40f6729d4199311ce50ca0ea4958572e1b7ea99f546c",
                "sha256:ee847d3e49870e914074fd31c069a1aaba6f71bee650d41de48e7e4b11671bf0",
                "sha256:eea308d98c64dbea48ac351011c4adf66acd936c4de2bf9955826ba8435197e2",
                "sha256:eec8a1eaaeadc217c15bc77d01bb29e146acdae73a0b2e9df1ad162263c9752e",
                "sha256:ef365ec78938597623d4fb96c8b0db423ab484fcfc00fae44c34b738b1eb1924",
                "sha256:f00495a80c5850466f0a57ea874761f78079702e28b63a1b6573ad254f828e44",
                "sha256:f0e51ff6d5665884b0e39b4ae0ef4e2d2d0174147147db7a870ddc4123882212",
                "sha256:f282711a220d1bdf245da508e1fefdf7680d1f7482a094e37465674a7e6985ae",
                "sha256:f30474b2906301594c8fb64cb7492c6978290c466a717c4b5316887a18b77af5",
                "sha256:f4f187f0929a35b6ddabc1324161e8c73ddbd4a7747249f10ec9ceaa793e904f",
                "sha256:f5a1f28b34a15dd2d67bcc324f6661df8cfe66d6ec7ee7a64e921af8ae4c39b7",
                "sha256:f5f7ce639bea0f5e95a1f71963624b85521a39928a2a1bb0e66f6180facf5969",
                "sha256:f9e3a5f4386c8f1811153f309a0ba3dc47d17e81a6dd29aa22d3e10212a2fd73",
                "sha256:ffa6762f8ef1e7dfba101babe43de6edc541cbe64d33d816314ac67cd76c3979"
            ],
            "markers": "python_version >= '3.6'",
            "version": "==0.21.1"
        },
        "lxml": {
            "hashes": [
                "sha256:01d36c05f4afb8f7c20fd9ed5badca32a2029b93b1750f571ccc0b142531caf7",
                "sha256:04876580c050a8c5341d706dd464ff04fd597095cc8c023252566a8826505726",
                "sha256:05ca3f6abf5cf78fe053da9b1166e062ade3fa5d4f92b4ed688127ea7d7b1d03",
                "sha256:090c6543d3696cbe15b4ac6e175e576bcc3f1ccfbba970061b7300b0c15a2140",
                "sha256:0dc313ef231edf866912e9d8f5a042ddab56c752619e92dfd3a2c277e6a7299a",
                "sha256:0f2b1e0d79180f344ff9f321327b005ca043a50ece8713de61d1cb383fb8ac05",
                "sha256:13598ecfbd2e86ea7ae45ec28a2a54fb87ee9b9fdb0f6d343297d8e548392c03",
                "sha256:16efd54337136e8cd72fb9485c368d91d77a47ee2d42b057564aae201257d419",
                "sha256:1ab8f1f932e8f82355e75dda5413a57612c6ea448069d4fb2e217e9a4bed13d4",
                "sha256:223f4232855ade399bd409331e6ca70fb5578efef22cf4069a6090acc0f53c0e",
                "sha256:2455cfaeb7ac70338b3257f41e21f0724f4b5b0c0e7702da67ee6c3640835b67",
                "sha256:2899456259589aa38bfb018c364d6ae7b53c5c22d8e27d0ec7609c2a1ff78b50",
                "sha256:2a29ba94d065945944016b6b74e538bdb1751a1db6ffb80c9d3c2e40d6fa9894",
                "sha256:2a87fa548561d2f4643c99cd13131acb607ddabb70682dcf1dff5f71f781a4bf",
                "sha256:2e430cd2824f05f2d4f687701144556646bae8f249fd60aa1e4c768ba7018947",
                "sha256:36c3c175d34652a35475a73762b545f4527aec044910a651d2bf50de9c3352b1",
                "sha256:3818b8e2c4b5148567e1b09ce739006acfaa44ce3156f8cbbc11062994b8e8dd",
                "sha256:3ab9fa9d6dc2a7f29d7affdf3edebf6ece6fb28a6d80b14c3b2fb9d39b9322c3",
                "sha256:3efea981d956a6f7173b4659849f55081867cf897e719f57383698af6f618a92",
                "sha256:4c8f293f14abc8fd3e8e01c5bd86e6ed0b6ef71936ded5bf10fe7a5efefbaca3",
                "sha256:5344a43228767f53a9df6e5b253f8cdca7dfc7b7aeae52551958192f56d98457",
                "sha256:58bfa3aa19ca4c0f28c5dde0ff56c520fbac6f0daf4fac66ed4c8d2fb7f22e74",
                "sha256:5b4545b8a40478183ac06c073e81a5ce4cf01bf1734962577cf2bb569a5b3bbf",
                "sha256:5f50a1c177e2fa3ee0667a5ab79fdc6b23086bc8b589d90b93b4bd17eb0e64d1",
                "sha256:63da2ccc0857c311d764e7d3d90f429c252e83b52d1f8f1d1fe55be26827d1f4",
                "sha256:6749649eecd6a9871cae297bffa4ee76f90b4504a2a2ab528d9ebe912b101975",
                "sha256:6804daeb7ef69e7b36f76caddb85cccd63d0c56dedb47555d2fc969e2af6a1a5",
                "sha256:689bb688a1db722485e4610a503e3e9210dcc20c520b45ac8f7533c837be76fe",
                "sha256:699a9af7dffaf67deeae27b2112aa06b41c370d5e7633e0ee0aea2e0b6c211f7",
                "sha256:6b418afe5df18233fc6b6093deb82a32895b6bb0b1155c2cdb05203f583053f1",
                "sha256:76cf573e5a365e790396a5cc2b909812633409306c6531a6877c59061e42c4f2",
                "sha256:7b515674acfdcadb0eb5d00d8a709868173acece5cb0be3dd165950cbfdf5409",
                "sha256:7b770ed79542ed52c519119473898198761d78beb24b107acf3ad65deae61f1f",
                "sha256:7d2278d59425777cfcb19735018d897ca8303abe67cc735f9f97177ceff8027f",
                "sha256:7e91ee82f4199af8c43d8158024cbdff3d931df350252288f0d4ce656df7f3b5",
                "sha256:821b7f59b99551c69c85a6039c65b75f5683bdc63270fec660f75da67469ca24",
                "sha256:822068f85e12a6e292803e112ab876bc03ed1f03dddb80154c395f891ca6b31e",
                "sha256:8340225bd5e7a701c0fa98284c849c9b9fc9238abf53a0ebd90900f25d39a4e4",
                "sha256:85cabf64adec449132e55616e7ca3e1000ab449d1d0f9d7f83146ed5bdcb6d8a",
                "sha256:880bbbcbe2fca64e2f4d8e04db47bcdf504936fa2b33933efd945e1b429bea8c",
                "sha256:8d0b4612b66ff5d62d03bcaa043bb018f74dfea51184e53f067e6fdcba4bd8de",
                "sha256:8e20cb5a47247e383cf4ff523205060991021233ebd6f924bca927fcf25cf86f",
                "sha256:925073b2fe14ab9b87e73f9a5fde6ce6392da430f3004d8b72cc86f746f5163b",
                "sha256:998c7c41910666d2976928c38ea96a70d1aa43be6fe502f21a651e17483a43c5",
                "sha256:9b22c5c66f67ae00c0199f6055705bc3eb3fcb08d03d2ec4059a2b1b25ed48d7",
                "sha256:9f102706d0ca011de571de32c3247c6476b55bb6bc65a20f682f000b07a4852a",
                "sha256:a08cff61517ee26cb56f1e949cca38caabe9ea9fbb4b1e10a805dc39844b7d5c",
                "sha256:a0a336d6d3e8b234a3aae3c674873d8f0e720b76bc1d9416866c41cd9500ffb9",
                "sha256:a35f8b7fa99f90dd2f5dc5a9fa12332642f087a7641289ca6c40d6e1a2637d8e",
                "sha256:a38486985ca49cfa574a507e7a2215c0c780fd1778bb6290c21193b7211702ab",
                "sha256:a5da296eb617d18e497bcf0a5c528f5d3b18dadb3619fbdadf4ed2356ef8d941",
                "sha256:a6e441a86553c310258aca15d1c05903aaf4965b23f3bc2d55f200804e005ee5",
                "sha256:a82d05da00a58b8e4c0008edbc8a4b6ec5a4bc1e2ee0fb6ed157cf634ed7fa45",
                "sha256:ab323679b8b3030000f2be63e22cdeea5b47ee0abd2d6a1dc0c8103ddaa56cd7",
                "sha256:b1f42b6921d0e81b1bcb5e395bc091a70f41c4d4e55ba99c6da2b31626c44892",
                "sha256:b23e19989c355ca854276178a0463951a653309fb8e57ce674497f2d9f208746",
                "sha256:b264171e3143d842ded311b7dccd46ff9ef34247129ff5bf5066123c55c2431c",
                "sha256:b26a29f0b7fc6f0897f043ca366142d2b609dc60756ee6e4e90b5f762c6adc53",
                "sha256:b64d891da92e232c36976c80ed7ebb383e3f148489796d8d31a5b6a677825efe",
                "sha256:b9cc34af337a97d470040f99ba4282f6e6bac88407d021688a5d585e44a23184",
                "sha256:bc718cd47b765e790eecb74d044cc8d37d58562f6c314ee9484df26276d36a38",
                "sha256:be7292c55101e22f2a3d4d8913944cbea71eea90792bf914add27454a13905df",
                "sha256:c83203addf554215463b59f6399835201999b5e48019dc17f182ed5ad87205c9",
                "sha256:c9ec3eaf616d67db0764b3bb983962b4f385a1f08304fd30c7283954e6a7869b",
                "sha256:ca34efc80a29351897e18888c71c6aca4a359247c87e0b1c7ada14f0ab0c0fb2",
                "sha256:ca989b91cf3a3ba28930a9fc1e9aeafc2a395448641df1f387a2d394638943b0",
                "sha256:d02a5399126a53492415d4906ab0ad0375a5456cc05c3fc0fc4ca11771745cda",
                "sha256:d17bc7c2ccf49c478c5bdd447594e82692c74222698cfc9b5daae7ae7e90743b",
                "sha256:d5bf6545cd27aaa8a13033ce56354ed9e25ab0e4ac3b5392b763d8d04b08e0c5",
                "sha256:d6b430a9938a5a5d85fc107d852262ddcd48602c120e3dbb02137c83d212b380",
                "sha256:da248f93f0418a9e9d94b0080d7ebc407a9a5e6d0b57bb30db9b5cc28de1ad33",
                "sha256:da4dd7c9c50c059aba52b3524f84d7de956f7fef88f0bafcf4ad7dde94a064e8",
                "sha256:df0623dcf9668ad0445e0558a21211d4e9a149ea8f5666917c8eeec515f0a6d1",
                "sha256:e5168986b90a8d1f2f9dc1b841467c74221bd752537b99761a93d2d981e04889",
                "sha256:efa29c2fe6b4fdd32e8ef81c1528506895eca86e1d8c4657fda04c9b3786ddf9",
                "sha256:f1496ea22ca2c830cbcbd473de8f114a320da308438ae65abad6bab7867fe38f",
                "sha256:f49e52d174375a7def9915c9f06ec4e569d235ad428f70751765f48d5926678c"
            ],
            "index": "pypi",
            "version": "==4.9.2"
        },
        "markdown-it-py": {
            "hashes": [
                "sha256:355216845c60bd96232cd8d8c40e8f9765cc86f46880e43a8fd22dc1a1a8cab1",
                "sha256:e3f60a94fa066dc52ec76661e37c851cb232d92f9886b15cb560aaada2df8feb"
            ],
            "markers": "python_version >= '3.8'",
            "version": "==3.0.0"
        },
        "mdurl": {
            "hashes": [
                "sha256:84008a41e51615a49fc9966191ff91509e3c40b939176e643fd50a5c2196b8f8",
                "sha256:bb413d29f5eea38f31dd4754dd7377d4465116fb207585f97bf925588687c1ba"
            ],
            "markers": "python_version >= '3.7'",
            "version": "==0.1.2"
        },
        "numpy": {
            "hashes": [
                "sha256:0ac6edfb35d2a99aaf102b509c8e9319c499ebd4978df4971b94419a116d0790",
                "sha256:26815c6c8498dc49d81faa76d61078c4f9f0859ce7817919021b9eba72b425e3",
                "sha256:4aedd08f15d3045a4e9c648f1e04daca2ab1044256959f1f95aafeeb3d794c16",
                "sha256:4c69fe5f05eea336b7a740e114dec995e2f927003c30702d896892403df6dbf0",
                "sha256:5177310ac2e63d6603f659fadc1e7bab33dd5a8db4e0596df34214eeab0fee3b",
                "sha256:5aa48bebfb41f93043a796128854b84407d4df730d3fb6e5dc36402f5cd594c0",
                "sha256:5b1b90860bf7d8a8c313b372d4f27343a54f415b20fb69dd601b7efe1029c91e",
                "sha256:6c284907e37f5e04d2412950960894b143a648dea3f79290757eb878b91acbd1",
                "sha256:6d183b5c58513f74225c376643234c369468e02947b47942eacbb23c1671f25d",
                "sha256:7412125b4f18aeddca2ecd7219ea2d2708f697943e6f624be41aa5f8a9852cc4",
                "sha256:7cd981ccc0afe49b9883f14761bb57c964df71124dcd155b0cba2b591f0d64b9",
                "sha256:85cdae87d8c136fd4da4dad1e48064d700f63e923d5af6c8c782ac0df8044542",
                "sha256:8aa130c3042052d656751df5e81f6d61edff3e289b5994edcf77f54118a8d9f4",
                "sha256:95367ccd88c07af21b379be1725b5322362bb83679d36691f124a16357390153",
                "sha256:9c7211d7920b97aeca7b3773a6783492b5b93baba39e7c36054f6e749fc7490c",
                "sha256:9e3f2b96e3b63c978bc29daaa3700c028fe3f049ea3031b58aa33fe2a5809d24",
                "sha256:b76aa836a952059d70a2788a2d98cb2a533ccd46222558b6970348939e55fc24",
                "sha256:b792164e539d99d93e4e5e09ae10f8cbe5466de7d759fc155e075237e0c274e4",
                "sha256:c0dc071017bc00abb7d7201bac06fa80333c6314477b3d10b52b58fa6a6e38f6",
                "sha256:cc3fda2b36482891db1060f00f881c77f9423eead4c3579629940a3e12095fe8",
                "sha256:d6b267f349a99d3908b56645eebf340cb58f01bd1e773b4eea1a905b3f0e4208",
                "sha256:d76a84998c51b8b68b40448ddd02bd1081bb33abcdc28beee6cd284fe11036c6",
                "sha256:e559c6afbca484072a98a51b6fa466aae785cfe89b69e8b856c3191bc8872a82",
                "sha256:ecc68f11404930e9c7ecfc937aa423e1e50158317bf67ca91736a9864eae0232",
                "sha256:f1accae9a28dc3cda46a91de86acf69de0d1b5f4edd44a9b0c3ceb8036dfff19"
            ],
            "markers": "python_version >= '3.10'",
            "version": "==1.25.0"
        },
        "outcome": {
            "hashes": [
                "sha256:6f82bd3de45da303cf1f771ecafa1633750a358436a8bb60e06a1ceb745d2672",
                "sha256:c4ab89a56575d6d38a05aa16daeaa333109c1f96167aba8901ab18b6b5e0f7f5"
            ],
            "markers": "python_version >= '3.7'",
            "version": "==1.2.0"
        },
        "pandas": {
            "hashes": [
                "sha256:02755de164da6827764ceb3bbc5f64b35cb12394b1024fdf88704d0fa06e0e2f",
                "sha256:0a1e0576611641acde15c2322228d138258f236d14b749ad9af498ab69089e2d",
                "sha256:1eb09a242184092f424b2edd06eb2b99d06dc07eeddff9929e8667d4ed44e181",
                "sha256:30a89d0fec4263ccbf96f68592fd668939481854d2ff9da709d32a047689393b",
                "sha256:50e451932b3011b61d2961b4185382c92cc8c6ee4658dcd4f320687bb2d000ee",
                "sha256:51a93d422fbb1bd04b67639ba4b5368dffc26923f3ea32a275d2cc450f1d1c86",
                "sha256:598e9020d85a8cdbaa1815eb325a91cfff2bb2b23c1442549b8a3668e36f0f77",
                "sha256:66d00300f188fa5de73f92d5725ced162488f6dc6ad4cecfe4144ca29debe3b8",
                "sha256:69167693cb8f9b3fc060956a5d0a0a8dbfed5f980d9fd2c306fb5b9c855c814c",
                "sha256:6d6d10c2142d11d40d6e6c0a190b1f89f525bcf85564707e31b0a39e3b398e08",
                "sha256:713f2f70abcdade1ddd68fc91577cb090b3544b07ceba78a12f799355a13ee44",
                "sha256:7376e13d28eb16752c398ca1d36ccfe52bf7e887067af9a0474de6331dd948d2",
                "sha256:77550c8909ebc23e56a89f91b40ad01b50c42cfbfab49b3393694a50549295ea",
                "sha256:7b21cb72958fc49ad757685db1919021d99650d7aaba676576c9e88d3889d456",
                "sha256:9ebb9f1c22ddb828e7fd017ea265a59d80461d5a79154b49a4207bd17514d122",
                "sha256:a18e5c72b989ff0f7197707ceddc99828320d0ca22ab50dd1b9e37db45b010c0",
                "sha256:a6b5f14cd24a2ed06e14255ff40fe2ea0cfaef79a8dd68069b7ace74bd6acbba",
                "sha256:b42b120458636a981077cfcfa8568c031b3e8709701315e2bfa866324a83efa8",
                "sha256:c4af689352c4fe3d75b2834933ee9d0ccdbf5d7a8a7264f0ce9524e877820c08",
                "sha256:c7319b6e68de14e6209460f72a8d1ef13c09fb3d3ef6c37c1e65b35d50b5c145",
                "sha256:cf3f0c361a4270185baa89ec7ab92ecaa355fe783791457077473f974f654df5",
                "sha256:dd46bde7309088481b1cf9c58e3f0e204b9ff9e3244f441accd220dd3365ce7c",
                "sha256:dd5476b6c3fe410ee95926873f377b856dbc4e81a9c605a0dc05aaccc6a7c6c6",
                "sha256:e69140bc2d29a8556f55445c15f5794490852af3de0f609a24003ef174528b79",
                "sha256:f908a77cbeef9bbd646bd4b81214cbef9ac3dda4181d5092a4aa9797d1bc7774"
            ],
            "index": "pypi",
            "version": "==2.0.2"
        },
        "pathlib": {
            "hashes": [
                "sha256:6940718dfc3eff4258203ad5021090933e5c04707d5ca8cc9e73c94a7894ea9f",
                "sha256:f35f95ab8b0f59e6d354090350b44a80a80635d22efdedfa84c7ad1cf0a74147"
            ],
            "index": "pypi",
            "version": "==1.0.1"
        },
        "pygments": {
            "hashes": [
                "sha256:8ace4d3c1dd481894b2005f560ead0f9f19ee64fe983366be1a21e171d12775c",
                "sha256:db2db3deb4b4179f399a09054b023b6a586b76499d36965813c71aa8ed7b5fd1"
            ],
            "markers": "python_version >= '3.7'",
            "version": "==2.15.1"
        },
        "pysocks": {
            "hashes": [
                "sha256:08e69f092cc6dbe92a0fdd16eeb9b9ffbc13cadfe5ca4c7bd92ffb078b293299",
                "sha256:2725bd0a9925919b9b51739eea5f9e2bae91e83288108a9ad338b2e3a4435ee5",
                "sha256:3f8804571ebe159c380ac6de37643bb4685970655d3bba243530d6558b799aa0"
            ],
            "version": "==1.7.1"
        },
        "python-dateutil": {
            "hashes": [
                "sha256:0123cacc1627ae19ddf3c27a5de5bd67ee4586fbdd6440d9748f8abb483d3e86",
                "sha256:961d03dc3453ebbc59dbdea9e4e11c5651520a876d0f4db161e8674aae935da9"
            ],
            "markers": "python_version >= '2.7' and python_version not in '3.0, 3.1, 3.2, 3.3'",
            "version": "==2.8.2"
        },
        "python-dotenv": {
            "hashes": [
                "sha256:a8df96034aae6d2d50a4ebe8216326c61c3eb64836776504fcca410e5937a3ba",
                "sha256:f5971a9226b701070a4bf2c38c89e5a3f0d64de8debda981d1db98583009122a"
            ],
            "index": "pypi",
            "version": "==1.0.0"
        },
        "python-levenshtein": {
            "hashes": [
                "sha256:01ea6828c03738a475ee18ea8b86a674eb45ce80e9cce88376d132cf3ab26060",
                "sha256:5f49ebb4772a274aac4aeb190fc23ad537ebe778dec15a8f17975f746478c691"
            ],
            "index": "pypi",
            "version": "==0.21.1"
        },
        "pytz": {
            "hashes": [
                "sha256:1d8ce29db189191fb55338ee6d0387d82ab59f3d00eac103412d64e0ebd0c588",
                "sha256:a151b3abb88eda1d4e34a9814df37de2a80e301e68ba0fd856fb9b46bfbbbffb"
            ],
            "version": "==2023.3"
        },
        "rapidfuzz": {
            "hashes": [
                "sha256:0843c53d54d5b7d6122d8f1d7574d8c91a7aacc5c316f74d6e33d98aec82949d",
                "sha256:086a2d84c2e497e3ab160ccf164e319bca874d9383d008fcadf91ede8ac7997f",
                "sha256:09a6f5cd9f1282da49b8d0747c40f3fea2d64ab5e4c2cc2295baf87ff7a0d062",
                "sha256:0de229cb613be060580c71c1674acbde57921c7ed33d7a726e071a2562924113",
                "sha256:10313075642a9f1f948d356f4f0803ae28a496d7967b466b9cae1a4be8aa4df3",
                "sha256:10f56af1d46fbeaaa0dc50901c2dc439c7a455cfdac2f1acf6cffeb65ae82c48",
                "sha256:1465ea085154378e69bf4bc5e27bdac5c94684416882ace31865232adc9239a2",
                "sha256:15260263a0c7bffac934a53b6622d77e06e10929ee4d2e62ac6f70c13988f351",
                "sha256:167dbce2da6bb5b73d43e53434c5a9d7d1214b658b315420e44044782f4c482b",
                "sha256:16c506bac2e0a6f6581b334a7802c2f0d8343ec1d77e5cf9452c33d6219abef8",
                "sha256:17b017f9e1b88dfd6d9b03170ef8e86477de0d9d37fbfcbe72ca070cacbe1b65",
                "sha256:17e4cbe6632aae7c35101c4b7c498e83f6eacf61be0def4ff98167df30dc69ca",
                "sha256:25eea5c8006b6c8747ca204675c9e939f3c4d27167fb43b2aa211443d34f9abd",
                "sha256:32a5c47b5153f25eb512dbb91f9850225d2dcfb3404a1c48406726c7732b0726",
                "sha256:351d253fdee62d6d0e80c75f0505accc1ce8cc73a50779c60986ef21c92f20f9",
                "sha256:362e366e79fcc9a8866b41f20ef4d2987a06f8b134096e659594c059aa8a6d88",
                "sha256:39c7d0dbd77a7f28ff85a1dff2afb2ed73e5cd81cca3f654450ed339a271c0ab",
                "sha256:3b3e953dcef0302eeb4fe8c7c4907e50d175199fc07da05ad6bd1d8d141ff138",
                "sha256:3f2cd9a3760080876fc59edb26926e51d6db44dea65e85f1eb04aa5f58c3bc41",
                "sha256:4019def8a18bc867ac61f08a542bf474a7a9b3f662f5d5cd169c9135866562f5",
                "sha256:408007b4bc5a0a0cb9bfcdcc8cffa9b71fec6ee53ccdf9c26b57539f7e264ab5",
                "sha256:49d900da023eeb3bfbe9feee126312eb9fd0458129aa5a581e4d8d8bf4483d14",
                "sha256:4a64ddfb7084b678da7778c1263aee2baae5a2ca55ec5589a022defc38103eb1",
                "sha256:4e951c874a0e5b375b2af9b5f264eefc679c0685c166ee0641e703ef0795509b",
                "sha256:51bb8f7aa4fe45618e75cdccf08491c752a7f137ffbf7d3afd1809791ac8c326",
                "sha256:51f21f37aec6bc117e9083181ddc3cbbcbf56b6506492b128d8e836d3545ca80",
                "sha256:53e3c588e7ea158fa80095dd0ff53f49e2ede9a8d71a3a5b964ca045d845a9b9",
                "sha256:58ca539cc6ce385d650138a9b1908b05622c2dd08a23d5aea4890523ef3774d5",
                "sha256:5a371846f45ed9d24927a8d5222884536c1e171543396b36250fafb2e848bc92",
                "sha256:5d4d509e9aa011e1be5e4da7c5062dc4fc3688714687110536925980b3d03ac6",
                "sha256:5e11e11880951e767342b56627ab2dc9d3ef90e2605b656e9b5e6e0beadaaf0f",
                "sha256:68d910048b36613701ea671de68f701e2c1ba2839295238def840ff1fc1b15f4",
                "sha256:69d503a7641b5a63aa53c7aca0b857d38f48cd7bae39f8563679b324e3d2d47a",
                "sha256:6c0e96821029c46847df4ff266ea283a2b6163a4f76a4567f9986934e9c4410c",
                "sha256:6d4da453fbd8793ebb11bed396f8a4b9041d6227bf055903447305dd7942312f",
                "sha256:6ede2d42ad55bd4e7a3394e98c5f58ddace78775493391732d32be61268a4116",
                "sha256:6f32791ee045a7b3d6a56208a55d996d5f7a32fdb688f5c5ee899cb7589539eb",
                "sha256:6f767d4823002e65c06ea273f952fda2b88775e1c2d508564f04d32cdd7f65b2",
                "sha256:712331c1c70c79a219c2ac233b4e25e75ffad51042840d147d5e94519c7d8a1a",
                "sha256:7726f67e4a0b2b4392f03aa62e16b12a697156c6735df27b21bd3ab561b01659",
                "sha256:788fb03c5acb5b48f5f918f4cbb5dc072498becf018c64e7e27d6b76e63e68b8",
                "sha256:79f5a3ab7ff6c46336f38690f0564bc7689cefa180257ed9078c42f75b10c9d2",
                "sha256:7af18372f576e36e93f4662bdf64043ac23dfa02d7f768d7e7e1d0211bb9cb35",
                "sha256:7c74fde444bcd13ef3a803c578b28f33b4f9edf368f46ca3de57fda456065967",
                "sha256:7e181411958d04d5b437a0981e87815e8f1b1909f5ae0e339246d3bc464f53e7",
                "sha256:7f2024f83a9300440e845b441e71726471f7567021c1d80796ca02e71c5f0dc2",
                "sha256:819d9317c3d86b508d87ab1bca5867f3abc18b902c822bc57366ccc6330a030b",
                "sha256:8243bb4bb4db7c3501932ced6a978b284e19c3619b6802455e47bfd0905adb81",
                "sha256:83b48b789f2da1688882cba595c40179194ab15ec17ea1d4c9de9ee239649904",
                "sha256:851b44130393139cb336aa54c681d595d75a3160b7be330f3acc0c3b9dabce70",
                "sha256:88e77ed7d0bd8d9be530c462c921904ada8d3417671eed749784c5a315af334d",
                "sha256:8b966344ed4122a71ab8ccdca2954db1ce0d8049cb9bcac58db07558f9d9ec32",
                "sha256:8c07e16ab38e717931319cff1340debbf2ef940a1cda4eb70e323079b62df306",
                "sha256:8c85bb6946fb02231d1e60ab45c36ecee04ecf7f725e094f5beee798b6b7d36d",
                "sha256:91946c496e6f380939dbea14ff6ce6de87480445c09d03964f5374101462594b",
                "sha256:9dc7154889937ca5a004d17f62b4798e0af52f69c38eb3112dbdb52b006d4419",
                "sha256:9ff1a517de2b1e80ddf1a3037a6ebca9925154c1af70751518d50d5c332e1ec8",
                "sha256:a06a08be3cb7d7df7993dd16e84aaf59bd5a7ff98a9f1b3e893d18b273a71c64",
                "sha256:a293370448f2e46fdc6e086ac99923015bdc53973a65d3df35aefc685e1a5809",
                "sha256:a4a751f216fd1222a4a8c7ceff5180872a156202c3bdca1b337e5a5b09298dfd",
                "sha256:a4afab735bb0ac3ec9bafcc35376ed336d26af6140c4d81e4c869e77df77ecd5",
                "sha256:a8b8f32463781e4703965c9cf7a609a19a74478f332e0d62cd9d0e7a9db91321",
                "sha256:a8bb256b34fcad4f3fa00be6b57fe35bcb54f031911195929145c67d9738ffec",
                "sha256:aadc5a8b9859737a8f87831215b7fab0c04afeb960bb987c528421a4e6dfb8b6",
                "sha256:b1bf8aba99b267aad0a01dfb44ee39803676007724abcfb72129c350476b2341",
                "sha256:b408ac3c7f8c3414bfd5c6044ca4bb385b390bcf5eae3ad884cef48628c131ae",
                "sha256:b4995792e106c3f1ab6f56dd6089918b065888e2e55a71e3fea8d0f66bf30989",
                "sha256:b7c65112c87568274d399ad7a62902cef17801c2bd047b162e79e43758b3ce27",
                "sha256:c089ce856919e03f4dd8f9168d60ac580d30cd0451fd60dcdef73010eca68973",
                "sha256:c53cf36cdb10819b7154fefdbffbef442ba567d9c1ca74a7e76fd759ace45e6c",
                "sha256:cb08db5c122fea4196483b82f7596e50ef9cab1770f7696c197bf0815ac4dd17",
                "sha256:ccc1b5b467766110085c80bb9311d233fccc8ed1ce965aebba3125e1bab04cba",
                "sha256:cdbf9a76ea47f14026daaed43a2c2150ab0e9a4d5396909f028380f33e61c522",
                "sha256:cdee4f4d04761ce167538adbefa01a64e7cab949d89aa09df39ef0d5e859fb2a",
                "sha256:d3264e4a02e4148e30078104fb0c1b6c8eb166ddc5ebe843a22433f58f87dc47",
                "sha256:d5fe8054c244bf63be2380efc275edd86da3a706460d42911dc3ff914f3260a5",
                "sha256:d72916d27fb88741bfb576b0b0639354ca00f5e91046171c985262c68a86bbb5",
                "sha256:db5e71e5a810d2f1163c914e01b3ba241409a98286ac4850ff26076115ae401b",
                "sha256:dc7f25e20781c8d42e813516ee4ff9043ecce4a8e25fc94ee6732a83d81c1c99",
                "sha256:de784bbe06d32e66617cd20766c37aae2438902d54b3fa608d2e0a929ca705f4",
                "sha256:e0755f5ac6c3d1dc2505eb2e6eaf5508ff17b42c084406714fbabf2d50d098b6",
                "sha256:e549da8d68ad4ee385c918ea8b9efeda875df9edf6c6b48df927bd061c00bfef",
                "sha256:e6772eb7cc4429f1eae5a9b41e5b0b1af8f0d50727c6e338d9ad5bceee01da5a",
                "sha256:ea3e46a534de97a6cad2018cb950492a0fcacad380e35440ce3c1c8fef96a261",
                "sha256:ec5523d5c08c639cd4e301d42f3ad7c6fb061a1f1cd6b5b627e59af345edfed7",
                "sha256:ef3ad80458e47723812976a2ea1282ff207ad20e6cb19da1917f76699bd5aaa5",
                "sha256:ef6c38040d868dcc0132fad377aafeb5b2da71354759e77f41ae599316df2dee",
                "sha256:f1e23665be5918f979180130babedab9317fbb34cdae237c7defad7e86bc684e",
                "sha256:f25d1975e846d07990cf946a5927a932aa7cccd308ae9979b03a58ff1cd80087",
                "sha256:f7acc5c9c7cf567372de5b6c817f93db508e7b9bd7f29bd6187df8d2cc60ced5",
                "sha256:fb7049dff52cded65184a3d2ff45cfd226bff7314f49a8f4b83f943eea9181a7",
                "sha256:fdd2ab5ab56fcaf839a9f58caa8756dbfeba0b3dc187850b763d0a1e6ee9c97a"
            ],
            "markers": "python_version >= '3.7'",
            "version": "==3.1.1"
        },
        "rich": {
            "hashes": [
                "sha256:8f87bc7ee54675732fa66a05ebfe489e27264caeeff3728c945d25971b6485ec",
                "sha256:d653d6bccede5844304c605d5aac802c7cf9621efd700b46c7ec2b51ea914898"
            ],
            "index": "pypi",
            "version": "==13.4.2"
        },
        "selenium": {
            "hashes": [
                "sha256:40241b9d872f58959e9b34e258488bf11844cd86142fd68182bd41db9991fc5c",
                "sha256:871bf800c4934f745b909c8dfc7d15c65cf45bd2e943abd54451c810ada395e3"
            ],
            "index": "pypi",
            "version": "==4.10.0"
        },
        "six": {
            "hashes": [
                "sha256:1e61c37477a1626458e36f7b1d82aa5c9b094fa4802892072e49de9c60c4c926",
                "sha256:8abb2f1d86890a2dfb989f9a77cfcfd3e47c2a354b01111771326f8aa26e0254"
            ],
            "markers": "python_version >= '2.7' and python_version not in '3.0, 3.1, 3.2, 3.3'",
            "version": "==1.16.0"
        },
        "sniffio": {
            "hashes": [
                "sha256:e60305c5e5d314f5389259b7f22aaa33d8f7dee49763119234af3755c55b9101",
                "sha256:eecefdce1e5bbfb7ad2eeaabf7c1eeb404d7757c379bd1f7e5cce9d8bf425384"
            ],
            "markers": "python_version >= '3.7'",
            "version": "==1.3.0"
        },
        "sortedcontainers": {
            "hashes": [
                "sha256:25caa5a06cc30b6b83d11423433f65d1f9d76c4c6a0c90e3379eaa43b9bfdb88",
                "sha256:a163dcaede0f1c021485e957a39245190e74249897e2ae4b2aa38595db237ee0"
            ],
            "version": "==2.4.0"
        },
        "soupsieve": {
            "hashes": [
                "sha256:1c1bfee6819544a3447586c889157365a27e10d88cde3ad3da0cf0ddf646feb8",
                "sha256:89d12b2d5dfcd2c9e8c22326da9d9aa9cb3dfab0a83a024f05704076ee8d35ea"
            ],
            "markers": "python_version >= '3.7'",
            "version": "==2.4.1"
        },
        "tk": {
            "hashes": [
                "sha256:60bc8923d5d35f67f5c6bd93d4f0c49d2048114ec077768f959aef36d4ed97f8",
                "sha256:703a69ff0d5ba2bd2f7440582ad10160e4a6561595d33457dc6caa79b9bf4930"
            ],
            "index": "pypi",
            "version": "==0.1.0"
        },
        "trio": {
            "hashes": [
                "sha256:ce68f1c5400a47b137c5a4de72c7c901bd4e7a24fbdebfe9b41de8c6c04eaacf",
                "sha256:f1dd0780a89bfc880c7c7994519cb53f62aacb2c25ff487001c0052bd721cdf0"
            ],
            "markers": "python_version >= '3.7'",
            "version": "==0.22.0"
        },
        "trio-websocket": {
            "hashes": [
                "sha256:1a748604ad906a7dcab9a43c6eb5681e37de4793ba0847ef0bc9486933ed027b",
                "sha256:a9937d48e8132ebf833019efde2a52ca82d223a30a7ea3e8d60a7d28f75a4e3a"
            ],
            "markers": "python_version >= '3.7'",
            "version": "==0.10.3"
        },
        "tzdata": {
            "hashes": [
                "sha256:11ef1e08e54acb0d4f95bdb1be05da659673de4acbd21bf9c69e94cc5e907a3a",
                "sha256:7e65763eef3120314099b6939b5546db7adce1e7d6f2e179e3df563c70511eda"
            ],
            "markers": "python_version >= '2'",
            "version": "==2023.3"
        },
        "urllib3": {
            "extras": [
                "socks"
            ],
            "hashes": [
                "sha256:48e7fafa40319d358848e1bc6809b208340fafe2096f1725d05d67443d0483d1",
                "sha256:bee28b5e56addb8226c96f7f13ac28cb4c301dd5ea8a6ca179c0b9835e032825"
            ],
            "markers": "python_version >= '3.7'",
            "version": "==2.0.3"
        },
        "wsproto": {
            "hashes": [
                "sha256:ad565f26ecb92588a3e43bc3d96164de84cd9902482b130d0ddbaa9664a85065",
                "sha256:b9acddd652b585d75b20477888c56642fdade28bdfd3579aa24a4d2c037dd736"
            ],
            "markers": "python_full_version >= '3.7.0'",
            "version": "==1.2.0"
        }
    },
    "develop": {}
}
